PODS:
  - Alamofire (1.3.1)
  - Moya (2.1.0):
    - Moya/Core (= 2.1.0)
  - Moya/Core (2.1.0):
    - Alamofire (~> 1.3.0)
  - ObjectMapper (0.15)
  - PureLayout (2.0.4)
  - SDWebImage (3.7.1):
    - SDWebImage/Core (= 3.7.1)
  - SDWebImage/Core (3.7.1)
  - SVProgressHUD (1.1.3)
  - SwiftyJSON (2.2.1)

DEPENDENCIES:
  - Alamofire
  - Moya
  - ObjectMapper
  - PureLayout
  - SDWebImage
  - SVProgressHUD
  - SwiftyJSON

SPEC CHECKSUMS:
  Alamofire: e4ab637e3195b645c814b87a652373439e59f2a4
  Moya: 6ad7d6b1e12b758e46edde8a07245d633e176087
  ObjectMapper: 0656dc1c155825897e5acfcd25362c6b61786dcb
  PureLayout: 39ab7d09edec14750ba3982bf19126916861bba5
  SDWebImage: ed3095af2ff88b436426037444979b917f6c5575
  SVProgressHUD: 748080e4f36e603f6c02aec292664239df5279c1
  SwiftyJSON: ae2d0a3d68025d136602a33c4ee215091ced3e33

COCOAPODS: 0.38.2
