// !$*UTF8*$!
{
	archiveVersion = 1;
	classes = {
	};
	objectVersion = 46;
	objects = {

/* Begin PBXBuildFile section */
		0B2C63551A3E8F3E00AADF04 /* Main.storyboard in Resources */ = {isa = PBXBuildFile; fileRef = 0B2C63541A3E8F3E00AADF04 /* Main.storyboard */; };
		0B2C63571A3E959E00AADF04 /* MainViewController.swift in Sources */ = {isa = PBXBuildFile; fileRef = 0B2C63561A3E959E00AADF04 /* MainViewController.swift */; };
		0B2E1A251A401D72009E7853 /* ShotCell.swift in Sources */ = {isa = PBXBuildFile; fileRef = 0B2E1A241A401D72009E7853 /* ShotCell.swift */; };
		0B2E1A281A40231B009E7853 /* ShotDetailViewController.swift in Sources */ = {isa = PBXBuildFile; fileRef = 0B2E1A271A40231B009E7853 /* ShotDetailViewController.swift */; };
		0B2E1A2C1A403952009E7853 /* CategoryViewController.swift in Sources */ = {isa = PBXBuildFile; fileRef = 0B2E1A2B1A403952009E7853 /* CategoryViewController.swift */; };
		0B2E1A331A4124B9009E7853 /* TransitionManager.swift in Sources */ = {isa = PBXBuildFile; fileRef = 0B2E1A321A4124B9009E7853 /* TransitionManager.swift */; };
		0B3A51D51A40042D006FCCFD /* Alamofire.framework in Copy Frameworks */ = {isa = PBXBuildFile; fileRef = 0B3A51CF1A400340006FCCFD /* Alamofire.framework */; settings = {ATTRIBUTES = (CodeSignOnCopy, RemoveHeadersOnCopy, ); }; };
		0B3A51D71A40072A006FCCFD /* SwiftyJSON.swift in Sources */ = {isa = PBXBuildFile; fileRef = 0B3A51D61A40072A006FCCFD /* SwiftyJSON.swift */; };
		0B3A51DA1A400BFA006FCCFD /* Player.swift in Sources */ = {isa = PBXBuildFile; fileRef = 0B3A51D91A400BFA006FCCFD /* Player.swift */; };
		0B3A51DE1A400C21006FCCFD /* JSONParser.swift in Sources */ = {isa = PBXBuildFile; fileRef = 0B3A51DD1A400C21006FCCFD /* JSONParser.swift */; };
		0BDE4CE11A3FFADD00C8CF04 /* DribbbleManager.swift in Sources */ = {isa = PBXBuildFile; fileRef = 0BDE4CE01A3FFADD00C8CF04 /* DribbbleManager.swift */; };
		0BF55F911A41787D0087379B /* ShotDetailTableHeader.swift in Sources */ = {isa = PBXBuildFile; fileRef = 0BF55F901A41787D0087379B /* ShotDetailTableHeader.swift */; };
		0BF55F931A41788F0087379B /* ShotDetailTableHeader.xib in Resources */ = {isa = PBXBuildFile; fileRef = 0BF55F921A41788F0087379B /* ShotDetailTableHeader.xib */; };
		37B66E4951944E90A96C65DD /* libPods.a in Frameworks */ = {isa = PBXBuildFile; fileRef = 566B67D7F76D4E2D998AB980 /* libPods.a */; };
		461D7322194D6AD40044B372 /* AppDelegate.swift in Sources */ = {isa = PBXBuildFile; fileRef = 461D7321194D6AD40044B372 /* AppDelegate.swift */; };
		461D7324194D6AD40044B372 /* Images.xcassets in Resources */ = {isa = PBXBuildFile; fileRef = 461D7323194D6AD40044B372 /* Images.xcassets */; };
		461D7330194D6AD40044B372 /* DribbbleAppTests.swift in Sources */ = {isa = PBXBuildFile; fileRef = 461D732F194D6AD40044B372 /* DribbbleAppTests.swift */; };
		461D733A194D6AF30044B372 /* BaseViewController.swift in Sources */ = {isa = PBXBuildFile; fileRef = 461D7339194D6AF30044B372 /* BaseViewController.swift */; };
		461D733C194D6B130044B372 /* BaseNavigationViewController.swift in Sources */ = {isa = PBXBuildFile; fileRef = 461D733B194D6B130044B372 /* BaseNavigationViewController.swift */; };
		46523EB2194D7D9C00CBD927 /* Shot.swift in Sources */ = {isa = PBXBuildFile; fileRef = 46523EB1194D7D9C00CBD927 /* Shot.swift */; };
		469B864519512D1900FB55DF /* MTLShot.swift in Sources */ = {isa = PBXBuildFile; fileRef = 469B864419512D1900FB55DF /* MTLShot.swift */; };
/* End PBXBuildFile section */

/* Begin PBXContainerItemProxy section */
		0B3A51CE1A400340006FCCFD /* PBXContainerItemProxy */ = {
			isa = PBXContainerItemProxy;
			containerPortal = 0B3A51C91A40033F006FCCFD /* Alamofire.xcodeproj */;
			proxyType = 2;
			remoteGlobalIDString = F8111E3319A95C8B0040E7D1;
			remoteInfo = Alamofire;
		};
		0B3A51D01A400340006FCCFD /* PBXContainerItemProxy */ = {
			isa = PBXContainerItemProxy;
			containerPortal = 0B3A51C91A40033F006FCCFD /* Alamofire.xcodeproj */;
			proxyType = 2;
			remoteGlobalIDString = F8111E3E19A95C8B0040E7D1;
			remoteInfo = AlamofireTests;
		};
		0B3A51D21A4003ED006FCCFD /* PBXContainerItemProxy */ = {
			isa = PBXContainerItemProxy;
			containerPortal = 0B3A51C91A40033F006FCCFD /* Alamofire.xcodeproj */;
			proxyType = 1;
			remoteGlobalIDString = F8111E3219A95C8B0040E7D1;
			remoteInfo = Alamofire;
		};
		461D732A194D6AD40044B372 /* PBXContainerItemProxy */ = {
			isa = PBXContainerItemProxy;
			containerPortal = 461D7314194D6AD40044B372 /* Project object */;
			proxyType = 1;
			remoteGlobalIDString = 461D731B194D6AD40044B372;
			remoteInfo = DribbbleApp;
		};
/* End PBXContainerItemProxy section */

/* Begin PBXCopyFilesBuildPhase section */
		0B3A51D41A40040A006FCCFD /* Copy Frameworks */ = {
			isa = PBXCopyFilesBuildPhase;
			buildActionMask = 2147483647;
			dstPath = "";
			dstSubfolderSpec = 10;
			files = (
				0B3A51D51A40042D006FCCFD /* Alamofire.framework in Copy Frameworks */,
			);
			name = "Copy Frameworks";
			runOnlyForDeploymentPostprocessing = 0;
		};
/* End PBXCopyFilesBuildPhase section */

/* Begin PBXFileReference section */
		0999DBCC9F924BA793AB77DC /* Pods.xcconfig */ = {isa = PBXFileReference; includeInIndex = 1; lastKnownFileType = text.xcconfig; name = Pods.xcconfig; path = Pods/Pods.xcconfig; sourceTree = "<group>"; };
		0B2C63541A3E8F3E00AADF04 /* Main.storyboard */ = {isa = PBXFileReference; fileEncoding = 4; lastKnownFileType = file.storyboard; path = Main.storyboard; sourceTree = "<group>"; };
		0B2C63561A3E959E00AADF04 /* MainViewController.swift */ = {isa = PBXFileReference; fileEncoding = 4; lastKnownFileType = sourcecode.swift; path = MainViewController.swift; sourceTree = "<group>"; };
		0B2E1A241A401D72009E7853 /* ShotCell.swift */ = {isa = PBXFileReference; fileEncoding = 4; lastKnownFileType = sourcecode.swift; path = ShotCell.swift; sourceTree = "<group>"; };
		0B2E1A271A40231B009E7853 /* ShotDetailViewController.swift */ = {isa = PBXFileReference; fileEncoding = 4; lastKnownFileType = sourcecode.swift; path = ShotDetailViewController.swift; sourceTree = "<group>"; };
		0B2E1A2B1A403952009E7853 /* CategoryViewController.swift */ = {isa = PBXFileReference; fileEncoding = 4; lastKnownFileType = sourcecode.swift; path = CategoryViewController.swift; sourceTree = "<group>"; };
		0B2E1A321A4124B9009E7853 /* TransitionManager.swift */ = {isa = PBXFileReference; fileEncoding = 4; lastKnownFileType = sourcecode.swift; path = TransitionManager.swift; sourceTree = "<group>"; };
		0B3A51C91A40033F006FCCFD /* Alamofire.xcodeproj */ = {isa = PBXFileReference; lastKnownFileType = "wrapper.pb-project"; name = Alamofire.xcodeproj; path = Alamofire/Alamofire.xcodeproj; sourceTree = "<group>"; };
		0B3A51D61A40072A006FCCFD /* SwiftyJSON.swift */ = {isa = PBXFileReference; fileEncoding = 4; lastKnownFileType = sourcecode.swift; path = SwiftyJSON.swift; sourceTree = "<group>"; };
		0B3A51D91A400BFA006FCCFD /* Player.swift */ = {isa = PBXFileReference; fileEncoding = 4; lastKnownFileType = sourcecode.swift; path = Player.swift; sourceTree = "<group>"; };
		0B3A51DD1A400C21006FCCFD /* JSONParser.swift */ = {isa = PBXFileReference; fileEncoding = 4; lastKnownFileType = sourcecode.swift; path = JSONParser.swift; sourceTree = "<group>"; };
		0BDE4CE01A3FFADD00C8CF04 /* DribbbleManager.swift */ = {isa = PBXFileReference; fileEncoding = 4; lastKnownFileType = sourcecode.swift; path = DribbbleManager.swift; sourceTree = "<group>"; };
		0BF55F901A41787D0087379B /* ShotDetailTableHeader.swift */ = {isa = PBXFileReference; fileEncoding = 4; lastKnownFileType = sourcecode.swift; path = ShotDetailTableHeader.swift; sourceTree = "<group>"; };
		0BF55F921A41788F0087379B /* ShotDetailTableHeader.xib */ = {isa = PBXFileReference; fileEncoding = 4; lastKnownFileType = file.xib; path = ShotDetailTableHeader.xib; sourceTree = "<group>"; };
		461D731C194D6AD40044B372 /* DribbbleApp.app */ = {isa = PBXFileReference; explicitFileType = wrapper.application; includeInIndex = 0; path = DribbbleApp.app; sourceTree = BUILT_PRODUCTS_DIR; };
		461D7320194D6AD40044B372 /* Info.plist */ = {isa = PBXFileReference; lastKnownFileType = text.plist.xml; path = Info.plist; sourceTree = "<group>"; };
		461D7321194D6AD40044B372 /* AppDelegate.swift */ = {isa = PBXFileReference; lastKnownFileType = sourcecode.swift; path = AppDelegate.swift; sourceTree = "<group>"; };
		461D7323194D6AD40044B372 /* Images.xcassets */ = {isa = PBXFileReference; lastKnownFileType = folder.assetcatalog; path = Images.xcassets; sourceTree = "<group>"; };
		461D7329194D6AD40044B372 /* DribbbleAppTests.xctest */ = {isa = PBXFileReference; explicitFileType = wrapper.cfbundle; includeInIndex = 0; path = DribbbleAppTests.xctest; sourceTree = BUILT_PRODUCTS_DIR; };
		461D732E194D6AD40044B372 /* Info.plist */ = {isa = PBXFileReference; lastKnownFileType = text.plist.xml; path = Info.plist; sourceTree = "<group>"; };
		461D732F194D6AD40044B372 /* DribbbleAppTests.swift */ = {isa = PBXFileReference; lastKnownFileType = sourcecode.swift; path = DribbbleAppTests.swift; sourceTree = "<group>"; };
		461D7339194D6AF30044B372 /* BaseViewController.swift */ = {isa = PBXFileReference; fileEncoding = 4; lastKnownFileType = sourcecode.swift; path = BaseViewController.swift; sourceTree = "<group>"; };
		461D733B194D6B130044B372 /* BaseNavigationViewController.swift */ = {isa = PBXFileReference; fileEncoding = 4; lastKnownFileType = sourcecode.swift; path = BaseNavigationViewController.swift; sourceTree = "<group>"; };
		461D733D194D6D750044B372 /* DribbbleApp-Bridging-Header.h */ = {isa = PBXFileReference; lastKnownFileType = sourcecode.c.h; path = "DribbbleApp-Bridging-Header.h"; sourceTree = "<group>"; };
		46523EB1194D7D9C00CBD927 /* Shot.swift */ = {isa = PBXFileReference; fileEncoding = 4; lastKnownFileType = sourcecode.swift; path = Shot.swift; sourceTree = "<group>"; };
		469B864419512D1900FB55DF /* MTLShot.swift */ = {isa = PBXFileReference; fileEncoding = 4; lastKnownFileType = sourcecode.swift; path = MTLShot.swift; sourceTree = "<group>"; };
		46AD5954194EF86E008A2CEF /* test.playground */ = {isa = PBXFileReference; lastKnownFileType = file.playground; path = test.playground; sourceTree = "<group>"; };
		566B67D7F76D4E2D998AB980 /* libPods.a */ = {isa = PBXFileReference; explicitFileType = archive.ar; includeInIndex = 0; path = libPods.a; sourceTree = BUILT_PRODUCTS_DIR; };
/* End PBXFileReference section */

/* Begin PBXFrameworksBuildPhase section */
		461D7319194D6AD40044B372 /* Frameworks */ = {
			isa = PBXFrameworksBuildPhase;
			buildActionMask = 2147483647;
			files = (
				37B66E4951944E90A96C65DD /* libPods.a in Frameworks */,
			);
			runOnlyForDeploymentPostprocessing = 0;
		};
		461D7326194D6AD40044B372 /* Frameworks */ = {
			isa = PBXFrameworksBuildPhase;
			buildActionMask = 2147483647;
			files = (
			);
			runOnlyForDeploymentPostprocessing = 0;
		};
/* End PBXFrameworksBuildPhase section */

/* Begin PBXGroup section */
		0B2E1A311A41249B009E7853 /* Transition */ = {
			isa = PBXGroup;
			children = (
				0B2E1A321A4124B9009E7853 /* TransitionManager.swift */,
			);
			name = Transition;
			sourceTree = "<group>";
		};
		0B3A51CA1A40033F006FCCFD /* Products */ = {
			isa = PBXGroup;
			children = (
				0B3A51CF1A400340006FCCFD /* Alamofire.framework */,
				0B3A51D11A400340006FCCFD /* AlamofireTests.xctest */,
			);
			name = Products;
			sourceTree = "<group>";
		};
		0B3A51DC1A400C0E006FCCFD /* Protocol */ = {
			isa = PBXGroup;
			children = (
				0B3A51DD1A400C21006FCCFD /* JSONParser.swift */,
			);
			name = Protocol;
			sourceTree = "<group>";
		};
		0BDE4CE21A3FFE4100C8CF04 /* Vender */ = {
			isa = PBXGroup;
			children = (
				0B3A51D61A40072A006FCCFD /* SwiftyJSON.swift */,
			);
			name = Vender;
			sourceTree = "<group>";
		};
		0BF55F8E1A4178560087379B /* View */ = {
			isa = PBXGroup;
			children = (
				0BF55F901A41787D0087379B /* ShotDetailTableHeader.swift */,
				0BF55F921A41788F0087379B /* ShotDetailTableHeader.xib */,
			);
			name = View;
			sourceTree = "<group>";
		};
		460B953C194DBC8C0061A24B /* Cell */ = {
			isa = PBXGroup;
			children = (
				0B2E1A241A401D72009E7853 /* ShotCell.swift */,
			);
			name = Cell;
			sourceTree = "<group>";
		};
		461D7313194D6AD40044B372 = {
			isa = PBXGroup;
			children = (
				0B3A51C91A40033F006FCCFD /* Alamofire.xcodeproj */,
				461D731E194D6AD40044B372 /* DribbbleApp */,
				461D732C194D6AD40044B372 /* DribbbleAppTests */,
				461D731D194D6AD40044B372 /* Products */,
				B4E2ED7C39BF4A099C3F9EA9 /* Frameworks */,
				0999DBCC9F924BA793AB77DC /* Pods.xcconfig */,
			);
			sourceTree = "<group>";
		};
		461D731D194D6AD40044B372 /* Products */ = {
			isa = PBXGroup;
			children = (
				461D731C194D6AD40044B372 /* DribbbleApp.app */,
				461D7329194D6AD40044B372 /* DribbbleAppTests.xctest */,
			);
			name = Products;
			sourceTree = "<group>";
		};
		461D731E194D6AD40044B372 /* DribbbleApp */ = {
			isa = PBXGroup;
			children = (
				0BF55F8E1A4178560087379B /* View */,
				0B2E1A311A41249B009E7853 /* Transition */,
				0B3A51DC1A400C0E006FCCFD /* Protocol */,
				0BDE4CE21A3FFE4100C8CF04 /* Vender */,
				461D7321194D6AD40044B372 /* AppDelegate.swift */,
				461D7339194D6AF30044B372 /* BaseViewController.swift */,
				461D733B194D6B130044B372 /* BaseNavigationViewController.swift */,
				461D733D194D6D750044B372 /* DribbbleApp-Bridging-Header.h */,
				0BDE4CE01A3FFADD00C8CF04 /* DribbbleManager.swift */,
				460B953C194DBC8C0061A24B /* Cell */,
				46523EB3194D7DB900CBD927 /* ViewControllers */,
				46523EB4194D7F8D00CBD927 /* Model */,
				461D7323194D6AD40044B372 /* Images.xcassets */,
				0B2C63541A3E8F3E00AADF04 /* Main.storyboard */,
				461D731F194D6AD40044B372 /* Supporting Files */,
			);
			path = DribbbleApp;
			sourceTree = "<group>";
		};
		461D731F194D6AD40044B372 /* Supporting Files */ = {
			isa = PBXGroup;
			children = (
				461D7320194D6AD40044B372 /* Info.plist */,
			);
			name = "Supporting Files";
			sourceTree = "<group>";
		};
		461D732C194D6AD40044B372 /* DribbbleAppTests */ = {
			isa = PBXGroup;
			children = (
				461D732F194D6AD40044B372 /* DribbbleAppTests.swift */,
				461D732D194D6AD40044B372 /* Supporting Files */,
			);
			path = DribbbleAppTests;
			sourceTree = "<group>";
		};
		461D732D194D6AD40044B372 /* Supporting Files */ = {
			isa = PBXGroup;
			children = (
				461D732E194D6AD40044B372 /* Info.plist */,
			);
			name = "Supporting Files";
			sourceTree = "<group>";
		};
		46523EB3194D7DB900CBD927 /* ViewControllers */ = {
			isa = PBXGroup;
			children = (
				46AD5954194EF86E008A2CEF /* test.playground */,
				0B2C63561A3E959E00AADF04 /* MainViewController.swift */,
				0B2E1A271A40231B009E7853 /* ShotDetailViewController.swift */,
				0B2E1A2B1A403952009E7853 /* CategoryViewController.swift */,
			);
			name = ViewControllers;
			sourceTree = "<group>";
		};
		46523EB4194D7F8D00CBD927 /* Model */ = {
			isa = PBXGroup;
			children = (
				46523EB1194D7D9C00CBD927 /* Shot.swift */,
				0B3A51D91A400BFA006FCCFD /* Player.swift */,
				469B864419512D1900FB55DF /* MTLShot.swift */,
			);
			name = Model;
			sourceTree = "<group>";
		};
		B4E2ED7C39BF4A099C3F9EA9 /* Frameworks */ = {
			isa = PBXGroup;
			children = (
				566B67D7F76D4E2D998AB980 /* libPods.a */,
			);
			name = Frameworks;
			sourceTree = "<group>";
		};
/* End PBXGroup section */

/* Begin PBXNativeTarget section */
		461D731B194D6AD40044B372 /* DribbbleApp */ = {
			isa = PBXNativeTarget;
			buildConfigurationList = 461D7333194D6AD40044B372 /* Build configuration list for PBXNativeTarget "DribbbleApp" */;
			buildPhases = (
				1EB78E7F1E294ECAAADBFEA7 /* Check Pods Manifest.lock */,
				461D7318194D6AD40044B372 /* Sources */,
				461D7319194D6AD40044B372 /* Frameworks */,
				461D731A194D6AD40044B372 /* Resources */,
				0B3A51D41A40040A006FCCFD /* Copy Frameworks */,
				97DCB7EAF34640428F15E5CD /* Copy Pods Resources */,
			);
			buildRules = (
			);
			dependencies = (
				0B3A51D31A4003ED006FCCFD /* PBXTargetDependency */,
			);
			name = DribbbleApp;
			productName = DribbbleApp;
			productReference = 461D731C194D6AD40044B372 /* DribbbleApp.app */;
			productType = "com.apple.product-type.application";
		};
		461D7328194D6AD40044B372 /* DribbbleAppTests */ = {
			isa = PBXNativeTarget;
			buildConfigurationList = 461D7336194D6AD40044B372 /* Build configuration list for PBXNativeTarget "DribbbleAppTests" */;
			buildPhases = (
				461D7325194D6AD40044B372 /* Sources */,
				461D7326194D6AD40044B372 /* Frameworks */,
				461D7327194D6AD40044B372 /* Resources */,
			);
			buildRules = (
			);
			dependencies = (
				461D732B194D6AD40044B372 /* PBXTargetDependency */,
			);
			name = DribbbleAppTests;
			productName = DribbbleAppTests;
			productReference = 461D7329194D6AD40044B372 /* DribbbleAppTests.xctest */;
			productType = "com.apple.product-type.bundle.unit-test";
		};
/* End PBXNativeTarget section */

/* Begin PBXProject section */
		461D7314194D6AD40044B372 /* Project object */ = {
			isa = PBXProject;
			attributes = {
				LastUpgradeCheck = 0600;
				ORGANIZATIONNAME = LLL;
				TargetAttributes = {
					461D731B194D6AD40044B372 = {
						CreatedOnToolsVersion = 6.0;
					};
					461D7328194D6AD40044B372 = {
						CreatedOnToolsVersion = 6.0;
						TestTargetID = 461D731B194D6AD40044B372;
					};
				};
			};
			buildConfigurationList = 461D7317194D6AD40044B372 /* Build configuration list for PBXProject "DribbbleApp" */;
			compatibilityVersion = "Xcode 3.2";
			developmentRegion = English;
			hasScannedForEncodings = 0;
			knownRegions = (
				en,
			);
			mainGroup = 461D7313194D6AD40044B372;
			productRefGroup = 461D731D194D6AD40044B372 /* Products */;
			projectDirPath = "";
			projectReferences = (
				{
					ProductGroup = 0B3A51CA1A40033F006FCCFD /* Products */;
					ProjectRef = 0B3A51C91A40033F006FCCFD /* Alamofire.xcodeproj */;
				},
			);
			projectRoot = "";
			targets = (
				461D731B194D6AD40044B372 /* DribbbleApp */,
				461D7328194D6AD40044B372 /* DribbbleAppTests */,
			);
		};
/* End PBXProject section */

/* Begin PBXReferenceProxy section */
		0B3A51CF1A400340006FCCFD /* Alamofire.framework */ = {
			isa = PBXReferenceProxy;
			fileType = wrapper.framework;
			path = Alamofire.framework;
			remoteRef = 0B3A51CE1A400340006FCCFD /* PBXContainerItemProxy */;
			sourceTree = BUILT_PRODUCTS_DIR;
		};
		0B3A51D11A400340006FCCFD /* AlamofireTests.xctest */ = {
			isa = PBXReferenceProxy;
			fileType = wrapper.cfbundle;
			path = AlamofireTests.xctest;
			remoteRef = 0B3A51D01A400340006FCCFD /* PBXContainerItemProxy */;
			sourceTree = BUILT_PRODUCTS_DIR;
		};
/* End PBXReferenceProxy section */

/* Begin PBXResourcesBuildPhase section */
		461D731A194D6AD40044B372 /* Resources */ = {
			isa = PBXResourcesBuildPhase;
			buildActionMask = 2147483647;
			files = (
				461D7324194D6AD40044B372 /* Images.xcassets in Resources */,
				0B2C63551A3E8F3E00AADF04 /* Main.storyboard in Resources */,
				0BF55F931A41788F0087379B /* ShotDetailTableHeader.xib in Resources */,
			);
			runOnlyForDeploymentPostprocessing = 0;
		};
		461D7327194D6AD40044B372 /* Resources */ = {
			isa = PBXResourcesBuildPhase;
			buildActionMask = 2147483647;
			files = (
			);
			runOnlyForDeploymentPostprocessing = 0;
		};
/* End PBXResourcesBuildPhase section */

/* Begin PBXShellScriptBuildPhase section */
		1EB78E7F1E294ECAAADBFEA7 /* Check Pods Manifest.lock */ = {
			isa = PBXShellScriptBuildPhase;
			buildActionMask = 2147483647;
			files = (
			);
			inputPaths = (
			);
			name = "Check Pods Manifest.lock";
			outputPaths = (
			);
			runOnlyForDeploymentPostprocessing = 0;
			shellPath = /bin/sh;
			shellScript = "diff \"${PODS_ROOT}/../Podfile.lock\" \"${PODS_ROOT}/Manifest.lock\" > /dev/null\nif [[ $? != 0 ]] ; then\n    cat << EOM\nerror: The sandbox is not in sync with the Podfile.lock. Run 'pod install' or update your CocoaPods installation.\nEOM\n    exit 1\nfi\n";
			showEnvVarsInLog = 0;
		};
		97DCB7EAF34640428F15E5CD /* Copy Pods Resources */ = {
			isa = PBXShellScriptBuildPhase;
			buildActionMask = 2147483647;
			files = (
			);
			inputPaths = (
			);
			name = "Copy Pods Resources";
			outputPaths = (
			);
			runOnlyForDeploymentPostprocessing = 0;
			shellPath = /bin/sh;
			shellScript = "\"${SRCROOT}/Pods/Pods-resources.sh\"\n";
			showEnvVarsInLog = 0;
		};
/* End PBXShellScriptBuildPhase section */

/* Begin PBXSourcesBuildPhase section */
		461D7318194D6AD40044B372 /* Sources */ = {
			isa = PBXSourcesBuildPhase;
			buildActionMask = 2147483647;
			files = (
				0B2C63571A3E959E00AADF04 /* MainViewController.swift in Sources */,
				0BDE4CE11A3FFADD00C8CF04 /* DribbbleManager.swift in Sources */,
				0B2E1A331A4124B9009E7853 /* TransitionManager.swift in Sources */,
				0B2E1A251A401D72009E7853 /* ShotCell.swift in Sources */,
				46523EB2194D7D9C00CBD927 /* Shot.swift in Sources */,
				0B3A51DE1A400C21006FCCFD /* JSONParser.swift in Sources */,
				0B2E1A281A40231B009E7853 /* ShotDetailViewController.swift in Sources */,
				461D733C194D6B130044B372 /* BaseNavigationViewController.swift in Sources */,
				469B864519512D1900FB55DF /* MTLShot.swift in Sources */,
				0BF55F911A41787D0087379B /* ShotDetailTableHeader.swift in Sources */,
				0B3A51D71A40072A006FCCFD /* SwiftyJSON.swift in Sources */,
				461D7322194D6AD40044B372 /* AppDelegate.swift in Sources */,
				0B2E1A2C1A403952009E7853 /* CategoryViewController.swift in Sources */,
				0B3A51DA1A400BFA006FCCFD /* Player.swift in Sources */,
				461D733A194D6AF30044B372 /* BaseViewController.swift in Sources */,
			);
			runOnlyForDeploymentPostprocessing = 0;
		};
		461D7325194D6AD40044B372 /* Sources */ = {
			isa = PBXSourcesBuildPhase;
			buildActionMask = 2147483647;
			files = (
				461D7330194D6AD40044B372 /* DribbbleAppTests.swift in Sources */,
			);
			runOnlyForDeploymentPostprocessing = 0;
		};
/* End PBXSourcesBuildPhase section */

/* Begin PBXTargetDependency section */
		0B3A51D31A4003ED006FCCFD /* PBXTargetDependency */ = {
			isa = PBXTargetDependency;
			name = Alamofire;
			targetProxy = 0B3A51D21A4003ED006FCCFD /* PBXContainerItemProxy */;
		};
		461D732B194D6AD40044B372 /* PBXTargetDependency */ = {
			isa = PBXTargetDependency;
			target = 461D731B194D6AD40044B372 /* DribbbleApp */;
			targetProxy = 461D732A194D6AD40044B372 /* PBXContainerItemProxy */;
		};
/* End PBXTargetDependency section */

/* Begin XCBuildConfiguration section */
		461D7331194D6AD40044B372 /* Debug */ = {
			isa = XCBuildConfiguration;
			buildSettings = {
				ALWAYS_SEARCH_USER_PATHS = NO;
				CLANG_CXX_LANGUAGE_STANDARD = "gnu++0x";
				CLANG_CXX_LIBRARY = "libc++";
				CLANG_ENABLE_MODULES = YES;
				CLANG_ENABLE_OBJC_ARC = YES;
				CLANG_WARN_BOOL_CONVERSION = YES;
				CLANG_WARN_CONSTANT_CONVERSION = YES;
				CLANG_WARN_DIRECT_OBJC_ISA_USAGE = YES_ERROR;
				CLANG_WARN_EMPTY_BODY = YES;
				CLANG_WARN_ENUM_CONVERSION = YES;
				CLANG_WARN_INT_CONVERSION = YES;
				CLANG_WARN_OBJC_ROOT_CLASS = YES_ERROR;
				CLANG_WARN_UNREACHABLE_CODE = YES;
				CLANG_WARN__DUPLICATE_METHOD_MATCH = YES;
				CODE_SIGN_IDENTITY = "iOS Development: han yin (6TH2V4WQ8W)";
				"CODE_SIGN_IDENTITY[sdk=iphoneos*]" = "iOS Development: han yin (6TH2V4WQ8W)";
				COPY_PHASE_STRIP = NO;
				ENABLE_STRICT_OBJC_MSGSEND = YES;
				GCC_C_LANGUAGE_STANDARD = gnu99;
				GCC_DYNAMIC_NO_PIC = NO;
				GCC_OPTIMIZATION_LEVEL = 0;
				GCC_PREPROCESSOR_DEFINITIONS = (
					"DEBUG=1",
					"$(inherited)",
				);
				GCC_SYMBOLS_PRIVATE_EXTERN = NO;
				GCC_WARN_64_TO_32_BIT_CONVERSION = YES;
				GCC_WARN_ABOUT_RETURN_TYPE = YES_ERROR;
				GCC_WARN_UNDECLARED_SELECTOR = YES;
				GCC_WARN_UNINITIALIZED_AUTOS = YES_AGGRESSIVE;
				GCC_WARN_UNUSED_FUNCTION = YES;
				GCC_WARN_UNUSED_VARIABLE = YES;
				IPHONEOS_DEPLOYMENT_TARGET = 8.0;
				METAL_ENABLE_DEBUG_INFO = YES;
				ONLY_ACTIVE_ARCH = YES;
				PROVISIONING_PROFILE = "8f419723-3640-471d-8c54-61937bca05ba";
				SDKROOT = iphoneos;
				SWIFT_OPTIMIZATION_LEVEL = "-Onone";
			};
			name = Debug;
		};
		461D7332194D6AD40044B372 /* Release */ = {
			isa = XCBuildConfiguration;
			buildSettings = {
				ALWAYS_SEARCH_USER_PATHS = NO;
				CLANG_CXX_LANGUAGE_STANDARD = "gnu++0x";
				CLANG_CXX_LIBRARY = "libc++";
				CLANG_ENABLE_MODULES = YES;
				CLANG_ENABLE_OBJC_ARC = YES;
				CLANG_WARN_BOOL_CONVERSION = YES;
				CLANG_WARN_CONSTANT_CONVERSION = YES;
				CLANG_WARN_DIRECT_OBJC_ISA_USAGE = YES_ERROR;
				CLANG_WARN_EMPTY_BODY = YES;
				CLANG_WARN_ENUM_CONVERSION = YES;
				CLANG_WARN_INT_CONVERSION = YES;
				CLANG_WARN_OBJC_ROOT_CLASS = YES_ERROR;
				CLANG_WARN_UNREACHABLE_CODE = YES;
				CLANG_WARN__DUPLICATE_METHOD_MATCH = YES;
				CODE_SIGN_IDENTITY = "iOS Development: han yin (6TH2V4WQ8W)";
				"CODE_SIGN_IDENTITY[sdk=iphoneos*]" = "iOS Development: han yin (6TH2V4WQ8W)";
				COPY_PHASE_STRIP = YES;
				ENABLE_NS_ASSERTIONS = NO;
				ENABLE_STRICT_OBJC_MSGSEND = YES;
				GCC_C_LANGUAGE_STANDARD = gnu99;
				GCC_WARN_64_TO_32_BIT_CONVERSION = YES;
				GCC_WARN_ABOUT_RETURN_TYPE = YES_ERROR;
				GCC_WARN_UNDECLARED_SELECTOR = YES;
				GCC_WARN_UNINITIALIZED_AUTOS = YES_AGGRESSIVE;
				GCC_WARN_UNUSED_FUNCTION = YES;
				GCC_WARN_UNUSED_VARIABLE = YES;
				IPHONEOS_DEPLOYMENT_TARGET = 8.0;
				METAL_ENABLE_DEBUG_INFO = NO;
				PROVISIONING_PROFILE = "8f419723-3640-471d-8c54-61937bca05ba";
				SDKROOT = iphoneos;
				VALIDATE_PRODUCT = YES;
			};
			name = Release;
		};
		461D7334194D6AD40044B372 /* Debug */ = {
			isa = XCBuildConfiguration;
			baseConfigurationReference = 0999DBCC9F924BA793AB77DC /* Pods.xcconfig */;
			buildSettings = {
				ASSETCATALOG_COMPILER_APPICON_NAME = AppIcon;
				ASSETCATALOG_COMPILER_LAUNCHIMAGE_NAME = LaunchImage;
				CLANG_ENABLE_MODULES = YES;
				CODE_SIGN_IDENTITY = "iOS Development: han yin (6TH2V4WQ8W)";
				INFOPLIST_FILE = DribbbleApp/Info.plist;
				LD_RUNPATH_SEARCH_PATHS = "$(inherited) @executable_path/Frameworks";
				PRODUCT_NAME = "$(TARGET_NAME)";
				PROVISIONING_PROFILE = "8f419723-3640-471d-8c54-61937bca05ba";
				SWIFT_OBJC_BRIDGING_HEADER = "DribbbleApp/DribbbleApp-Bridging-Header.h";
				SWIFT_OPTIMIZATION_LEVEL = "-Onone";
			};
			name = Debug;
		};
		461D7335194D6AD40044B372 /* Release */ = {
			isa = XCBuildConfiguration;
			baseConfigurationReference = 0999DBCC9F924BA793AB77DC /* Pods.xcconfig */;
			buildSettings = {
				ASSETCATALOG_COMPILER_APPICON_NAME = AppIcon;
				ASSETCATALOG_COMPILER_LAUNCHIMAGE_NAME = LaunchImage;
				CLANG_ENABLE_MODULES = YES;
				CODE_SIGN_IDENTITY = "iOS Development: han yin (6TH2V4WQ8W)";
				INFOPLIST_FILE = DribbbleApp/Info.plist;
				LD_RUNPATH_SEARCH_PATHS = "$(inherited) @executable_path/Frameworks";
				PRODUCT_NAME = "$(TARGET_NAME)";
				PROVISIONING_PROFILE = "8f419723-3640-471d-8c54-61937bca05ba";
				SWIFT_OBJC_BRIDGING_HEADER = "DribbbleApp/DribbbleApp-Bridging-Header.h";
			};
			name = Release;
		};
		461D7337194D6AD40044B372 /* Debug */ = {
			isa = XCBuildConfiguration;
			buildSettings = {
				BUNDLE_LOADER = "$(BUILT_PRODUCTS_DIR)/DribbbleApp.app/DribbbleApp";
				FRAMEWORK_SEARCH_PATHS = (
					"$(SDKROOT)/Developer/Library/Frameworks",
					"$(inherited)",
				);
				GCC_PREPROCESSOR_DEFINITIONS = (
					"DEBUG=1",
					"$(inherited)",
				);
				INFOPLIST_FILE = DribbbleAppTests/Info.plist;
				LD_RUNPATH_SEARCH_PATHS = "$(inherited) @executable_path/Frameworks @loader_path/Frameworks";
				METAL_ENABLE_DEBUG_INFO = YES;
				PRODUCT_NAME = "$(TARGET_NAME)";
				TEST_HOST = "$(BUNDLE_LOADER)";
			};
			name = Debug;
		};
		461D7338194D6AD40044B372 /* Release */ = {
			isa = XCBuildConfiguration;
			buildSettings = {
				BUNDLE_LOADER = "$(BUILT_PRODUCTS_DIR)/DribbbleApp.app/DribbbleApp";
				FRAMEWORK_SEARCH_PATHS = (
					"$(SDKROOT)/Developer/Library/Frameworks",
					"$(inherited)",
				);
				INFOPLIST_FILE = DribbbleAppTests/Info.plist;
				LD_RUNPATH_SEARCH_PATHS = "$(inherited) @executable_path/Frameworks @loader_path/Frameworks";
				METAL_ENABLE_DEBUG_INFO = NO;
				PRODUCT_NAME = "$(TARGET_NAME)";
				TEST_HOST = "$(BUNDLE_LOADER)";
			};
			name = Release;
		};
/* End XCBuildConfiguration section */

/* Begin XCConfigurationList section */
		461D7317194D6AD40044B372 /* Build configuration list for PBXProject "DribbbleApp" */ = {
			isa = XCConfigurationList;
			buildConfigurations = (
				461D7331194D6AD40044B372 /* Debug */,
				461D7332194D6AD40044B372 /* Release */,
			);
			defaultConfigurationIsVisible = 0;
			defaultConfigurationName = Release;
		};
		461D7333194D6AD40044B372 /* Build configuration list for PBXNativeTarget "DribbbleApp" */ = {
			isa = XCConfigurationList;
			buildConfigurations = (
				461D7334194D6AD40044B372 /* Debug */,
				461D7335194D6AD40044B372 /* Release */,
			);
			defaultConfigurationIsVisible = 0;
			defaultConfigurationName = Release;
		};
		461D7336194D6AD40044B372 /* Build configuration list for PBXNativeTarget "DribbbleAppTests" */ = {
			isa = XCConfigurationList;
			buildConfigurations = (
				461D7337194D6AD40044B372 /* Debug */,
				461D7338194D6AD40044B372 /* Release */,
			);
			defaultConfigurationIsVisible = 0;
			defaultConfigurationName = Release;
		};
/* End XCConfigurationList section */
	};
	rootObject = 461D7314194D6AD40044B372 /* Project object */;
}
